
Microsoft Visual Studio Solution File, Format Version 12.00
# Visual Studio Version 16
VisualStudioVersion = 16.0.29424.173
MinimumVisualStudioVersion = 10.0.40219.1
Project("{FAE04EC0-301F-11D3-BF4B-00C04F79EFBC}") = "ExtensionMethods", "ExtensionMethods\ExtensionMethods.csproj", "{7BD81CC0-EF65-43BE-B266-24EB590B5974}"
EndProject
Global
	GlobalSection(SolutionConfigurationPlatforms) = preSolution
		Debug|Any CPU = Debug|Any CPU
		Release|Any CPU = Release|Any CPU
	EndGlobalSection
	GlobalSection(ProjectConfigurationPlatforms) = postSolution
		{7BD81CC0-EF65-43BE-B266-24EB590B5974}.Debug|Any CPU.ActiveCfg = Debug|Any CPU
		{7BD81CC0-EF65-43BE-B266-24EB590B5974}.Debug|Any CPU.Build.0 = Debug|Any CPU
		{7BD81CC0-EF65-43BE-B266-24EB590B5974}.Release|Any CPU.ActiveCfg = Release|Any CPU
		{7BD81CC0-EF65-43BE-B266-24EB590B5974}.Release|Any CPU.Build.0 = Release|Any CPU
	EndGlobalSection
	GlobalSection(SolutionProperties) = preSolution
		HideSolutionNode = FALSE
	EndGlobalSection
	GlobalSection(ExtensibilityGlobals) = postSolution
		SolutionGuid = {82C719A1-E86C-458C-93CC-2E2253E036A8}
	EndGlobalSection
EndGlobal
